
Microsoft Visual Studio Solution File, Format Version 12.00
# Visual Studio Version 17
VisualStudioVersion = 17.7.34202.233
MinimumVisualStudioVersion = 10.0.40219.1
Project("{9A19103F-16F7-4668-BE54-9A1E7A4F7556}") = "ConsoleApp1", "ConsoleApp1\ConsoleApp1.csproj", "{B0562295-9727-42FD-BE6B-3DD98A625BC2}"
EndProject
Project("{9A19103F-16F7-4668-BE54-9A1E7A4F7556}") = "TypesAndVeriables", "TypesAndVeriables\TypesAndVeriables.csproj", "{AB350EA2-38CD-45F0-9941-E1AAB1A2A919}"
EndProject
Project("{9A19103F-16F7-4668-BE54-9A1E7A4F7556}") = "Conditionals", "Conditionals\Conditionals.csproj", "{520B6B99-9277-434E-919D-05DF6CAA9AC5}"
EndProject
Project("{9A19103F-16F7-4668-BE54-9A1E7A4F7556}") = "Methods", "Methods\Methods.csproj", "{6F61CA54-738E-40FD-B467-9409607EBF69}"
EndProject
Project("{9A19103F-16F7-4668-BE54-9A1E7A4F7556}") = "Arrays", "Arrays\Arrays.csproj", "{FA10D313-FE16-4001-82C8-579EBA31C42B}"
EndProject
Project("{9A19103F-16F7-4668-BE54-9A1E7A4F7556}") = "Loops", "Loops\Loops.csproj", "{BF5CFF4D-8E5B-482F-918E-CE890A01842B}"
EndProject
Project("{9A19103F-16F7-4668-BE54-9A1E7A4F7556}") = "Strings", "Strings\Strings.csproj", "{0EF2606E-E652-4B9B-B079-E7FBE8322812}"
EndProject
Project("{9A19103F-16F7-4668-BE54-9A1E7A4F7556}") = "Classes", "Classes\Classes.csproj", "{A740EB41-1C4F-4082-ADCE-C1A81479D502}"
EndProject
Project("{FAE04EC0-301F-11D3-BF4B-00C04F79EFBC}") = "RecapDemo1", "RecapDemo1\RecapDemo1.csproj", "{EC2F5223-E236-4289-A894-A8631C728DBF}"
EndProject
Project("{FAE04EC0-301F-11D3-BF4B-00C04F79EFBC}") = "Interfaces", "Interfaces\Interfaces.csproj", "{7C28C6DD-6ECB-4E81-ACF4-3DAD128B6D82}"
EndProject
Project("{FAE04EC0-301F-11D3-BF4B-00C04F79EFBC}") = "InterfacesDemo", "InterfacesDemo\InterfacesDemo.csproj", "{5D8E7865-A354-47DC-BF1A-9D523B9B8E9B}"
EndProject
Project("{FAE04EC0-301F-11D3-BF4B-00C04F79EFBC}") = "Inheritance", "Inheritance\Inheritance.csproj", "{E07D0499-B189-4FF3-9163-687AAA0D1409}"
EndProject
Global
	GlobalSection(SolutionConfigurationPlatforms) = preSolution
		Debug|Any CPU = Debug|Any CPU
		Release|Any CPU = Release|Any CPU
	EndGlobalSection
	GlobalSection(ProjectConfigurationPlatforms) = postSolution
		{B0562295-9727-42FD-BE6B-3DD98A625BC2}.Debug|Any CPU.ActiveCfg = Debug|Any CPU
		{B0562295-9727-42FD-BE6B-3DD98A625BC2}.Debug|Any CPU.Build.0 = Debug|Any CPU
		{B0562295-9727-42FD-BE6B-3DD98A625BC2}.Release|Any CPU.ActiveCfg = Release|Any CPU
		{B0562295-9727-42FD-BE6B-3DD98A625BC2}.Release|Any CPU.Build.0 = Release|Any CPU
		{AB350EA2-38CD-45F0-9941-E1AAB1A2A919}.Debug|Any CPU.ActiveCfg = Debug|Any CPU
		{AB350EA2-38CD-45F0-9941-E1AAB1A2A919}.Debug|Any CPU.Build.0 = Debug|Any CPU
		{AB350EA2-38CD-45F0-9941-E1AAB1A2A919}.Release|Any CPU.ActiveCfg = Release|Any CPU
		{AB350EA2-38CD-45F0-9941-E1AAB1A2A919}.Release|Any CPU.Build.0 = Release|Any CPU
		{520B6B99-9277-434E-919D-05DF6CAA9AC5}.Debug|Any CPU.ActiveCfg = Debug|Any CPU
		{520B6B99-9277-434E-919D-05DF6CAA9AC5}.Debug|Any CPU.Build.0 = Debug|Any CPU
		{520B6B99-9277-434E-919D-05DF6CAA9AC5}.Release|Any CPU.ActiveCfg = Release|Any CPU
		{520B6B99-9277-434E-919D-05DF6CAA9AC5}.Release|Any CPU.Build.0 = Release|Any CPU
		{6F61CA54-738E-40FD-B467-9409607EBF69}.Debug|Any CPU.ActiveCfg = Debug|Any CPU
		{6F61CA54-738E-40FD-B467-9409607EBF69}.Debug|Any CPU.Build.0 = Debug|Any CPU
		{6F61CA54-738E-40FD-B467-9409607EBF69}.Release|Any CPU.ActiveCfg = Release|Any CPU
		{6F61CA54-738E-40FD-B467-9409607EBF69}.Release|Any CPU.Build.0 = Release|Any CPU
		{FA10D313-FE16-4001-82C8-579EBA31C42B}.Debug|Any CPU.ActiveCfg = Debug|Any CPU
		{FA10D313-FE16-4001-82C8-579EBA31C42B}.Debug|Any CPU.Build.0 = Debug|Any CPU
		{FA10D313-FE16-4001-82C8-579EBA31C42B}.Release|Any CPU.ActiveCfg = Release|Any CPU
		{FA10D313-FE16-4001-82C8-579EBA31C42B}.Release|Any CPU.Build.0 = Release|Any CPU
		{BF5CFF4D-8E5B-482F-918E-CE890A01842B}.Debug|Any CPU.ActiveCfg = Debug|Any CPU
		{BF5CFF4D-8E5B-482F-918E-CE890A01842B}.Debug|Any CPU.Build.0 = Debug|Any CPU
		{BF5CFF4D-8E5B-482F-918E-CE890A01842B}.Release|Any CPU.ActiveCfg = Release|Any CPU
		{BF5CFF4D-8E5B-482F-918E-CE890A01842B}.Release|Any CPU.Build.0 = Release|Any CPU
		{0EF2606E-E652-4B9B-B079-E7FBE8322812}.Debug|Any CPU.ActiveCfg = Debug|Any CPU
		{0EF2606E-E652-4B9B-B079-E7FBE8322812}.Debug|Any CPU.Build.0 = Debug|Any CPU
		{0EF2606E-E652-4B9B-B079-E7FBE8322812}.Release|Any CPU.ActiveCfg = Release|Any CPU
		{0EF2606E-E652-4B9B-B079-E7FBE8322812}.Release|Any CPU.Build.0 = Release|Any CPU
		{A740EB41-1C4F-4082-ADCE-C1A81479D502}.Debug|Any CPU.ActiveCfg = Debug|Any CPU
		{A740EB41-1C4F-4082-ADCE-C1A81479D502}.Debug|Any CPU.Build.0 = Debug|Any CPU
		{A740EB41-1C4F-4082-ADCE-C1A81479D502}.Release|Any CPU.ActiveCfg = Release|Any CPU
		{A740EB41-1C4F-4082-ADCE-C1A81479D502}.Release|Any CPU.Build.0 = Release|Any CPU
		{EC2F5223-E236-4289-A894-A8631C728DBF}.Debug|Any CPU.ActiveCfg = Debug|Any CPU
		{EC2F5223-E236-4289-A894-A8631C728DBF}.Debug|Any CPU.Build.0 = Debug|Any CPU
		{EC2F5223-E236-4289-A894-A8631C728DBF}.Release|Any CPU.ActiveCfg = Release|Any CPU
		{EC2F5223-E236-4289-A894-A8631C728DBF}.Release|Any CPU.Build.0 = Release|Any CPU
		{7C28C6DD-6ECB-4E81-ACF4-3DAD128B6D82}.Debug|Any CPU.ActiveCfg = Debug|Any CPU
		{7C28C6DD-6ECB-4E81-ACF4-3DAD128B6D82}.Debug|Any CPU.Build.0 = Debug|Any CPU
		{7C28C6DD-6ECB-4E81-ACF4-3DAD128B6D82}.Release|Any CPU.ActiveCfg = Release|Any CPU
		{7C28C6DD-6ECB-4E81-ACF4-3DAD128B6D82}.Release|Any CPU.Build.0 = Release|Any CPU
		{5D8E7865-A354-47DC-BF1A-9D523B9B8E9B}.Debug|Any CPU.ActiveCfg = Debug|Any CPU
		{5D8E7865-A354-47DC-BF1A-9D523B9B8E9B}.Debug|Any CPU.Build.0 = Debug|Any CPU
		{5D8E7865-A354-47DC-BF1A-9D523B9B8E9B}.Release|Any CPU.ActiveCfg = Release|Any CPU
		{5D8E7865-A354-47DC-BF1A-9D523B9B8E9B}.Release|Any CPU.Build.0 = Release|Any CPU
		{E07D0499-B189-4FF3-9163-687AAA0D1409}.Debug|Any CPU.ActiveCfg = Debug|Any CPU
		{E07D0499-B189-4FF3-9163-687AAA0D1409}.Debug|Any CPU.Build.0 = Debug|Any CPU
		{E07D0499-B189-4FF3-9163-687AAA0D1409}.Release|Any CPU.ActiveCfg = Release|Any CPU
		{E07D0499-B189-4FF3-9163-687AAA0D1409}.Release|Any CPU.Build.0 = Release|Any CPU
	EndGlobalSection
	GlobalSection(SolutionProperties) = preSolution
		HideSolutionNode = FALSE
	EndGlobalSection
	GlobalSection(ExtensibilityGlobals) = postSolution
		SolutionGuid = {46EEF4DF-D2F3-4BE1-BB4C-B06F36766637}
	EndGlobalSection
EndGlobal
